// !$*UTF8*$!
{
	archiveVersion = 1;
	classes = {
	};
	objectVersion = 77;
	objects = {

/* Begin PBXBuildFile section */
		C42108D42D49A1870017DC5C /* FirebaseAuth in Frameworks */ = {isa = PBXBuildFile; productRef = C42108D32D49A1870017DC5C /* FirebaseAuth */; };
		C42108D62D49A1870017DC5C /* FirebaseStorage in Frameworks */ = {isa = PBXBuildFile; productRef = C42108D52D49A1870017DC5C /* FirebaseStorage */; };
/* End PBXBuildFile section */

/* Begin PBXContainerItemProxy section */
		C41CAD962D497DC10041E648 /* PBXContainerItemProxy */ = {
			isa = PBXContainerItemProxy;
			containerPortal = C41CAD7D2D497DC00041E648 /* Project object */;
			proxyType = 1;
			remoteGlobalIDString = C41CAD842D497DC00041E648;
			remoteInfo = FirebaseSwiftUIChat;
		};
		C41CADA02D497DC10041E648 /* PBXContainerItemProxy */ = {
			isa = PBXContainerItemProxy;
			containerPortal = C41CAD7D2D497DC00041E648 /* Project object */;
			proxyType = 1;
			remoteGlobalIDString = C41CAD842D497DC00041E648;
			remoteInfo = FirebaseSwiftUIChat;
		};
/* End PBXContainerItemProxy section */

/* Begin PBXFileReference section */
		C41CAD852D497DC00041E648 /* FirebaseSwiftUIChat.app */ = {isa = PBXFileReference; explicitFileType = wrapper.application; includeInIndex = 0; path = FirebaseSwiftUIChat.app; sourceTree = BUILT_PRODUCTS_DIR; };
		C41CAD952D497DC10041E648 /* FirebaseSwiftUIChatTests.xctest */ = {isa = PBXFileReference; explicitFileType = wrapper.cfbundle; includeInIndex = 0; path = FirebaseSwiftUIChatTests.xctest; sourceTree = BUILT_PRODUCTS_DIR; };
		C41CAD9F2D497DC10041E648 /* FirebaseSwiftUIChatUITests.xctest */ = {isa = PBXFileReference; explicitFileType = wrapper.cfbundle; includeInIndex = 0; path = FirebaseSwiftUIChatUITests.xctest; sourceTree = BUILT_PRODUCTS_DIR; };
/* End PBXFileReference section */

/* Begin PBXFileSystemSynchronizedRootGroup section */
		C41CAD872D497DC00041E648 /* FirebaseSwiftUIChat */ = {
			isa = PBXFileSystemSynchronizedRootGroup;
			path = FirebaseSwiftUIChat;
			sourceTree = "<group>";
		};
		C41CAD982D497DC10041E648 /* FirebaseSwiftUIChatTests */ = {
			isa = PBXFileSystemSynchronizedRootGroup;
			path = FirebaseSwiftUIChatTests;
			sourceTree = "<group>";
		};
		C41CADA22D497DC10041E648 /* FirebaseSwiftUIChatUITests */ = {
			isa = PBXFileSystemSynchronizedRootGroup;
			path = FirebaseSwiftUIChatUITests;
			sourceTree = "<group>";
		};
/* End PBXFileSystemSynchronizedRootGroup section */

/* Begin PBXFrameworksBuildPhase section */
		C41CAD822D497DC00041E648 /* Frameworks */ = {
			isa = PBXFrameworksBuildPhase;
			buildActionMask = 2147483647;
			files = (
				C42108D42D49A1870017DC5C /* FirebaseAuth in Frameworks */,
				C42108D62D49A1870017DC5C /* FirebaseStorage in Frameworks */,
			);
			runOnlyForDeploymentPostprocessing = 0;
		};
		C41CAD922D497DC10041E648 /* Frameworks */ = {
			isa = PBXFrameworksBuildPhase;
			buildActionMask = 2147483647;
			files = (
			);
			runOnlyForDeploymentPostprocessing = 0;
		};
		C41CAD9C2D497DC10041E648 /* Frameworks */ = {
			isa = PBXFrameworksBuildPhase;
			buildActionMask = 2147483647;
			files = (
			);
			runOnlyForDeploymentPostprocessing = 0;
		};
/* End PBXFrameworksBuildPhase section */

/* Begin PBXGroup section */
		C41CAD7C2D497DC00041E648 = {
			isa = PBXGroup;
			children = (
				C41CAD872D497DC00041E648 /* FirebaseSwiftUIChat */,
				C41CAD982D497DC10041E648 /* FirebaseSwiftUIChatTests */,
				C41CADA22D497DC10041E648 /* FirebaseSwiftUIChatUITests */,
				C41CAD862D497DC00041E648 /* Products */,
			);
			sourceTree = "<group>";
		};
		C41CAD862D497DC00041E648 /* Products */ = {
			isa = PBXGroup;
			children = (
				C41CAD852D497DC00041E648 /* FirebaseSwiftUIChat.app */,
				C41CAD952D497DC10041E648 /* FirebaseSwiftUIChatTests.xctest */,
				C41CAD9F2D497DC10041E648 /* FirebaseSwiftUIChatUITests.xctest */,
			);
			name = Products;
			sourceTree = "<group>";
		};
/* End PBXGroup section */

/* Begin PBXNativeTarget section */
		C41CAD842D497DC00041E648 /* FirebaseSwiftUIChat */ = {
			isa = PBXNativeTarget;
			buildConfigurationList = C41CADA92D497DC10041E648 /* Build configuration list for PBXNativeTarget "FirebaseSwiftUIChat" */;
			buildPhases = (
				C41CAD812D497DC00041E648 /* Sources */,
				C41CAD822D497DC00041E648 /* Frameworks */,
				C41CAD832D497DC00041E648 /* Resources */,
			);
			buildRules = (
			);
			dependencies = (
			);
			fileSystemSynchronizedGroups = (
				C41CAD872D497DC00041E648 /* FirebaseSwiftUIChat */,
			);
			name = FirebaseSwiftUIChat;
			packageProductDependencies = (
				C42108D32D49A1870017DC5C /* FirebaseAuth */,
				C42108D52D49A1870017DC5C /* FirebaseStorage */,
			);
			productName = FirebaseSwiftUIChat;
			productReference = C41CAD852D497DC00041E648 /* FirebaseSwiftUIChat.app */;
			productType = "com.apple.product-type.application";
		};
		C41CAD942D497DC10041E648 /* FirebaseSwiftUIChatTests */ = {
			isa = PBXNativeTarget;
			buildConfigurationList = C41CADAC2D497DC10041E648 /* Build configuration list for PBXNativeTarget "FirebaseSwiftUIChatTests" */;
			buildPhases = (
				C41CAD912D497DC10041E648 /* Sources */,
				C41CAD922D497DC10041E648 /* Frameworks */,
				C41CAD932D497DC10041E648 /* Resources */,
			);
			buildRules = (
			);
			dependencies = (
				C41CAD972D497DC10041E648 /* PBXTargetDependency */,
			);
			fileSystemSynchronizedGroups = (
				C41CAD982D497DC10041E648 /* FirebaseSwiftUIChatTests */,
			);
			name = FirebaseSwiftUIChatTests;
			packageProductDependencies = (
			);
			productName = FirebaseSwiftUIChatTests;
			productReference = C41CAD952D497DC10041E648 /* FirebaseSwiftUIChatTests.xctest */;
			productType = "com.apple.product-type.bundle.unit-test";
		};
		C41CAD9E2D497DC10041E648 /* FirebaseSwiftUIChatUITests */ = {
			isa = PBXNativeTarget;
			buildConfigurationList = C41CADAF2D497DC10041E648 /* Build configuration list for PBXNativeTarget "FirebaseSwiftUIChatUITests" */;
			buildPhases = (
				C41CAD9B2D497DC10041E648 /* Sources */,
				C41CAD9C2D497DC10041E648 /* Frameworks */,
				C41CAD9D2D497DC10041E648 /* Resources */,
			);
			buildRules = (
			);
			dependencies = (
				C41CADA12D497DC10041E648 /* PBXTargetDependency */,
			);
			fileSystemSynchronizedGroups = (
				C41CADA22D497DC10041E648 /* FirebaseSwiftUIChatUITests */,
			);
			name = FirebaseSwiftUIChatUITests;
			packageProductDependencies = (
			);
			productName = FirebaseSwiftUIChatUITests;
			productReference = C41CAD9F2D497DC10041E648 /* FirebaseSwiftUIChatUITests.xctest */;
			productType = "com.apple.product-type.bundle.ui-testing";
		};
/* End PBXNativeTarget section */

/* Begin PBXProject section */
		C41CAD7D2D497DC00041E648 /* Project object */ = {
			isa = PBXProject;
			attributes = {
				BuildIndependentTargetsInParallel = 1;
				LastSwiftUpdateCheck = 1620;
				LastUpgradeCheck = 1620;
				TargetAttributes = {
					C41CAD842D497DC00041E648 = {
						CreatedOnToolsVersion = 16.2;
					};
					C41CAD942D497DC10041E648 = {
						CreatedOnToolsVersion = 16.2;
						TestTargetID = C41CAD842D497DC00041E648;
					};
					C41CAD9E2D497DC10041E648 = {
						CreatedOnToolsVersion = 16.2;
						TestTargetID = C41CAD842D497DC00041E648;
					};
				};
			};
			buildConfigurationList = C41CAD802D497DC00041E648 /* Build configuration list for PBXProject "FirebaseSwiftUIChat" */;
			developmentRegion = en;
			hasScannedForEncodings = 0;
			knownRegions = (
				en,
				Base,
			);
			mainGroup = C41CAD7C2D497DC00041E648;
			minimizedProjectReferenceProxies = 1;
			packageReferences = (
				C42108D22D49A1870017DC5C /* XCRemoteSwiftPackageReference "firebase-ios-sdk" */,
			);
			preferredProjectObjectVersion = 77;
			productRefGroup = C41CAD862D497DC00041E648 /* Products */;
			projectDirPath = "";
			projectRoot = "";
			targets = (
				C41CAD842D497DC00041E648 /* FirebaseSwiftUIChat */,
				C41CAD942D497DC10041E648 /* FirebaseSwiftUIChatTests */,
				C41CAD9E2D497DC10041E648 /* FirebaseSwiftUIChatUITests */,
			);
		};
/* End PBXProject section */

/* Begin PBXResourcesBuildPhase section */
		C41CAD832D497DC00041E648 /* Resources */ = {
			isa = PBXResourcesBuildPhase;
			buildActionMask = 2147483647;
			files = (
			);
			runOnlyForDeploymentPostprocessing = 0;
		};
		C41CAD932D497DC10041E648 /* Resources */ = {
			isa = PBXResourcesBuildPhase;
			buildActionMask = 2147483647;
			files = (
			);
			runOnlyForDeploymentPostprocessing = 0;
		};
		C41CAD9D2D497DC10041E648 /* Resources */ = {
			isa = PBXResourcesBuildPhase;
			buildActionMask = 2147483647;
			files = (
			);
			runOnlyForDeploymentPostprocessing = 0;
		};
/* End PBXResourcesBuildPhase section */

/* Begin PBXSourcesBuildPhase section */
		C41CAD812D497DC00041E648 /* Sources */ = {
			isa = PBXSourcesBuildPhase;
			buildActionMask = 2147483647;
			files = (
			);
			runOnlyForDeploymentPostprocessing = 0;
		};
		C41CAD912D497DC10041E648 /* Sources */ = {
			isa = PBXSourcesBuildPhase;
			buildActionMask = 2147483647;
			files = (
			);
			runOnlyForDeploymentPostprocessing = 0;
		};
		C41CAD9B2D497DC10041E648 /* Sources */ = {
			isa = PBXSourcesBuildPhase;
			buildActionMask = 2147483647;
			files = (
			);
			runOnlyForDeploymentPostprocessing = 0;
		};
/* End PBXSourcesBuildPhase section */

/* Begin PBXTargetDependency section */
		C41CAD972D497DC10041E648 /* PBXTargetDependency */ = {
			isa = PBXTargetDependency;
			target = C41CAD842D497DC00041E648 /* FirebaseSwiftUIChat */;
			targetProxy = C41CAD962D497DC10041E648 /* PBXContainerItemProxy */;
		};
		C41CADA12D497DC10041E648 /* PBXTargetDependency */ = {
			isa = PBXTargetDependency;
			target = C41CAD842D497DC00041E648 /* FirebaseSwiftUIChat */;
			targetProxy = C41CADA02D497DC10041E648 /* PBXContainerItemProxy */;
		};
/* End PBXTargetDependency section */

/* Begin XCBuildConfiguration section */
		C41CADA72D497DC10041E648 /* Debug */ = {
			isa = XCBuildConfiguration;
			buildSettings = {
				ALWAYS_SEARCH_USER_PATHS = NO;
				ASSETCATALOG_COMPILER_GENERATE_SWIFT_ASSET_SYMBOL_EXTENSIONS = YES;
				CLANG_ANALYZER_NONNULL = YES;
				CLANG_ANALYZER_NUMBER_OBJECT_CONVERSION = YES_AGGRESSIVE;
				CLANG_CXX_LANGUAGE_STANDARD = "gnu++20";
				CLANG_ENABLE_MODULES = YES;
				CLANG_ENABLE_OBJC_ARC = YES;
				CLANG_ENABLE_OBJC_WEAK = YES;
				CLANG_WARN_BLOCK_CAPTURE_AUTORELEASING = YES;
				CLANG_WARN_BOOL_CONVERSION = YES;
				CLANG_WARN_COMMA = YES;
				CLANG_WARN_CONSTANT_CONVERSION = YES;
				CLANG_WARN_DEPRECATED_OBJC_IMPLEMENTATIONS = YES;
				CLANG_WARN_DIRECT_OBJC_ISA_USAGE = YES_ERROR;
				CLANG_WARN_DOCUMENTATION_COMMENTS = YES;
				CLANG_WARN_EMPTY_BODY = YES;
				CLANG_WARN_ENUM_CONVERSION = YES;
				CLANG_WARN_INFINITE_RECURSION = YES;
				CLANG_WARN_INT_CONVERSION = YES;
				CLANG_WARN_NON_LITERAL_NULL_CONVERSION = YES;
				CLANG_WARN_OBJC_IMPLICIT_RETAIN_SELF = YES;
				CLANG_WARN_OBJC_LITERAL_CONVERSION = YES;
				CLANG_WARN_OBJC_ROOT_CLASS = YES_ERROR;
				CLANG_WARN_QUOTED_INCLUDE_IN_FRAMEWORK_HEADER = YES;
				CLANG_WARN_RANGE_LOOP_ANALYSIS = YES;
				CLANG_WARN_STRICT_PROTOTYPES = YES;
				CLANG_WARN_SUSPICIOUS_MOVE = YES;
				CLANG_WARN_UNGUARDED_AVAILABILITY = YES_AGGRESSIVE;
				CLANG_WARN_UNREACHABLE_CODE = YES;
				CLANG_WARN__DUPLICATE_METHOD_MATCH = YES;
				COPY_PHASE_STRIP = NO;
				DEBUG_INFORMATION_FORMAT = dwarf;
				ENABLE_STRICT_OBJC_MSGSEND = YES;
				ENABLE_TESTABILITY = YES;
				ENABLE_USER_SCRIPT_SANDBOXING = YES;
				GCC_C_LANGUAGE_STANDARD = gnu17;
				GCC_DYNAMIC_NO_PIC = NO;
				GCC_NO_COMMON_BLOCKS = YES;
				GCC_OPTIMIZATION_LEVEL = 0;
				GCC_PREPROCESSOR_DEFINITIONS = (
					"DEBUG=1",
					"$(inherited)",
				);
				GCC_WARN_64_TO_32_BIT_CONVERSION = YES;
				GCC_WARN_ABOUT_RETURN_TYPE = YES_ERROR;
				GCC_WARN_UNDECLARED_SELECTOR = YES;
				GCC_WARN_UNINITIALIZED_AUTOS = YES_AGGRESSIVE;
				GCC_WARN_UNUSED_FUNCTION = YES;
				GCC_WARN_UNUSED_VARIABLE = YES;
				IPHONEOS_DEPLOYMENT_TARGET = 18.2;
				LOCALIZATION_PREFERS_STRING_CATALOGS = YES;
				MTL_ENABLE_DEBUG_INFO = INCLUDE_SOURCE;
				MTL_FAST_MATH = YES;
				ONLY_ACTIVE_ARCH = YES;
				SDKROOT = iphoneos;
				SWIFT_ACTIVE_COMPILATION_CONDITIONS = "DEBUG $(inherited)";
				SWIFT_OPTIMIZATION_LEVEL = "-Onone";
			};
			name = Debug;
		};
		C41CADA82D497DC10041E648 /* Release */ = {
			isa = XCBuildConfiguration;
			buildSettings = {
				ALWAYS_SEARCH_USER_PATHS = NO;
				ASSETCATALOG_COMPILER_GENERATE_SWIFT_ASSET_SYMBOL_EXTENSIONS = YES;
				CLANG_ANALYZER_NONNULL = YES;
				CLANG_ANALYZER_NUMBER_OBJECT_CONVERSION = YES_AGGRESSIVE;
				CLANG_CXX_LANGUAGE_STANDARD = "gnu++20";
				CLANG_ENABLE_MODULES = YES;
				CLANG_ENABLE_OBJC_ARC = YES;
				CLANG_ENABLE_OBJC_WEAK = YES;
				CLANG_WARN_BLOCK_CAPTURE_AUTORELEASING = YES;
				CLANG_WARN_BOOL_CONVERSION = YES;
				CLANG_WARN_COMMA = YES;
				CLANG_WARN_CONSTANT_CONVERSION = YES;
				CLANG_WARN_DEPRECATED_OBJC_IMPLEMENTATIONS = YES;
				CLANG_WARN_DIRECT_OBJC_ISA_USAGE = YES_ERROR;
				CLANG_WARN_DOCUMENTATION_COMMENTS = YES;
				CLANG_WARN_EMPTY_BODY = YES;
				CLANG_WARN_ENUM_CONVERSION = YES;
				CLANG_WARN_INFINITE_RECURSION = YES;
				CLANG_WARN_INT_CONVERSION = YES;
				CLANG_WARN_NON_LITERAL_NULL_CONVERSION = YES;
				CLANG_WARN_OBJC_IMPLICIT_RETAIN_SELF = YES;
				CLANG_WARN_OBJC_LITERAL_CONVERSION = YES;
				CLANG_WARN_OBJC_ROOT_CLASS = YES_ERROR;
				CLANG_WARN_QUOTED_INCLUDE_IN_FRAMEWORK_HEADER = YES;
				CLANG_WARN_RANGE_LOOP_ANALYSIS = YES;
				CLANG_WARN_STRICT_PROTOTYPES = YES;
				CLANG_WARN_SUSPICIOUS_MOVE = YES;
				CLANG_WARN_UNGUARDED_AVAILABILITY = YES_AGGRESSIVE;
				CLANG_WARN_UNREACHABLE_CODE = YES;
				CLANG_WARN__DUPLICATE_METHOD_MATCH = YES;
				COPY_PHASE_STRIP = NO;
				DEBUG_INFORMATION_FORMAT = "dwarf-with-dsym";
				ENABLE_NS_ASSERTIONS = NO;
				ENABLE_STRICT_OBJC_MSGSEND = YES;
				ENABLE_USER_SCRIPT_SANDBOXING = YES;
				GCC_C_LANGUAGE_STANDARD = gnu17;
				GCC_NO_COMMON_BLOCKS = YES;
				GCC_WARN_64_TO_32_BIT_CONVERSION = YES;
				GCC_WARN_ABOUT_RETURN_TYPE = YES_ERROR;
				GCC_WARN_UNDECLARED_SELECTOR = YES;
				GCC_WARN_UNINITIALIZED_AUTOS = YES_AGGRESSIVE;
				GCC_WARN_UNUSED_FUNCTION = YES;
				GCC_WARN_UNUSED_VARIABLE = YES;
				IPHONEOS_DEPLOYMENT_TARGET = 18.2;
				LOCALIZATION_PREFERS_STRING_CATALOGS = YES;
				MTL_ENABLE_DEBUG_INFO = NO;
				MTL_FAST_MATH = YES;
				SDKROOT = iphoneos;
				SWIFT_COMPILATION_MODE = wholemodule;
				VALIDATE_PRODUCT = YES;
			};
			name = Release;
		};
		C41CADAA2D497DC10041E648 /* Debug */ = {
			isa = XCBuildConfiguration;
			buildSettings = {
				ASSETCATALOG_COMPILER_APPICON_NAME = AppIcon;
				ASSETCATALOG_COMPILER_GLOBAL_ACCENT_COLOR_NAME = AccentColor;
				CODE_SIGN_STYLE = Automatic;
				CURRENT_PROJECT_VERSION = 1;
				DEVELOPMENT_ASSET_PATHS = "\"FirebaseSwiftUIChat/Preview Content\"";
				ENABLE_PREVIEWS = YES;
				GENERATE_INFOPLIST_FILE = YES;
				INFOPLIST_KEY_UIApplicationSceneManifest_Generation = YES;
				INFOPLIST_KEY_UIApplicationSupportsIndirectInputEvents = YES;
				INFOPLIST_KEY_UILaunchScreen_Generation = YES;
				INFOPLIST_KEY_UISupportedInterfaceOrientations_iPad = "UIInterfaceOrientationPortrait UIInterfaceOrientationPortraitUpsideDown UIInterfaceOrientationLandscapeLeft UIInterfaceOrientationLandscapeRight";
				INFOPLIST_KEY_UISupportedInterfaceOrientations_iPhone = "UIInterfaceOrientationPortrait UIInterfaceOrientationLandscapeLeft UIInterfaceOrientationLandscapeRight";
				LD_RUNPATH_SEARCH_PATHS = (
					"$(inherited)",
					"@executable_path/Frameworks",
				);
				MARKETING_VERSION = 1.0;
				PRODUCT_BUNDLE_IDENTIFIER = LF.FirebaseSwiftUIChat;
				PRODUCT_NAME = "$(TARGET_NAME)";
				SWIFT_EMIT_LOC_STRINGS = YES;
				SWIFT_VERSION = 5.0;
				TARGETED_DEVICE_FAMILY = "1,2";
			};
			name = Debug;
		};
		C41CADAB2D497DC10041E648 /* Release */ = {
			isa = XCBuildConfiguration;
			buildSettings = {
				ASSETCATALOG_COMPILER_APPICON_NAME = AppIcon;
				ASSETCATALOG_COMPILER_GLOBAL_ACCENT_COLOR_NAME = AccentColor;
				CODE_SIGN_STYLE = Automatic;
				CURRENT_PROJECT_VERSION = 1;
				DEVELOPMENT_ASSET_PATHS = "\"FirebaseSwiftUIChat/Preview Content\"";
				ENABLE_PREVIEWS = YES;
				GENERATE_INFOPLIST_FILE = YES;
				INFOPLIST_KEY_UIApplicationSceneManifest_Generation = YES;
				INFOPLIST_KEY_UIApplicationSupportsIndirectInputEvents = YES;
				INFOPLIST_KEY_UILaunchScreen_Generation = YES;
				INFOPLIST_KEY_UISupportedInterfaceOrientations_iPad = "UIInterfaceOrientationPortrait UIInterfaceOrientationPortraitUpsideDown UIInterfaceOrientationLandscapeLeft UIInterfaceOrientationLandscapeRight";
				INFOPLIST_KEY_UISupportedInterfaceOrientations_iPhone = "UIInterfaceOrientationPortrait UIInterfaceOrientationLandscapeLeft UIInterfaceOrientationLandscapeRight";
				LD_RUNPATH_SEARCH_PATHS = (
					"$(inherited)",
					"@executable_path/Frameworks",
				);
				MARKETING_VERSION = 1.0;
				PRODUCT_BUNDLE_IDENTIFIER = LF.FirebaseSwiftUIChat;
				PRODUCT_NAME = "$(TARGET_NAME)";
				SWIFT_EMIT_LOC_STRINGS = YES;
				SWIFT_VERSION = 5.0;
				TARGETED_DEVICE_FAMILY = "1,2";
			};
			name = Release;
		};
		C41CADAD2D497DC10041E648 /* Debug */ = {
			isa = XCBuildConfiguration;
			buildSettings = {
				BUNDLE_LOADER = "$(TEST_HOST)";
				CODE_SIGN_STYLE = Automatic;
				CURRENT_PROJECT_VERSION = 1;
				GENERATE_INFOPLIST_FILE = YES;
				IPHONEOS_DEPLOYMENT_TARGET = 18.2;
				MARKETING_VERSION = 1.0;
				PRODUCT_BUNDLE_IDENTIFIER = LF.FirebaseSwiftUIChatTests;
				PRODUCT_NAME = "$(TARGET_NAME)";
				SWIFT_EMIT_LOC_STRINGS = NO;
				SWIFT_VERSION = 5.0;
				TARGETED_DEVICE_FAMILY = "1,2";
				TEST_HOST = "$(BUILT_PRODUCTS_DIR)/FirebaseSwiftUIChat.app/$(BUNDLE_EXECUTABLE_FOLDER_PATH)/FirebaseSwiftUIChat";
			};
			name = Debug;
		};
		C41CADAE2D497DC10041E648 /* Release */ = {
			isa = XCBuildConfiguration;
			buildSettings = {
				BUNDLE_LOADER = "$(TEST_HOST)";
				CODE_SIGN_STYLE = Automatic;
				CURRENT_PROJECT_VERSION = 1;
				GENERATE_INFOPLIST_FILE = YES;
				IPHONEOS_DEPLOYMENT_TARGET = 18.2;
				MARKETING_VERSION = 1.0;
				PRODUCT_BUNDLE_IDENTIFIER = LF.FirebaseSwiftUIChatTests;
				PRODUCT_NAME = "$(TARGET_NAME)";
				SWIFT_EMIT_LOC_STRINGS = NO;
				SWIFT_VERSION = 5.0;
				TARGETED_DEVICE_FAMILY = "1,2";
				TEST_HOST = "$(BUILT_PRODUCTS_DIR)/FirebaseSwiftUIChat.app/$(BUNDLE_EXECUTABLE_FOLDER_PATH)/FirebaseSwiftUIChat";
			};
			name = Release;
		};
		C41CADB02D497DC10041E648 /* Debug */ = {
			isa = XCBuildConfiguration;
			buildSettings = {
				CODE_SIGN_STYLE = Automatic;
				CURRENT_PROJECT_VERSION = 1;
				GENERATE_INFOPLIST_FILE = YES;
				MARKETING_VERSION = 1.0;
				PRODUCT_BUNDLE_IDENTIFIER = LF.FirebaseSwiftUIChatUITests;
				PRODUCT_NAME = "$(TARGET_NAME)";
				SWIFT_EMIT_LOC_STRINGS = NO;
				SWIFT_VERSION = 5.0;
				TARGETED_DEVICE_FAMILY = "1,2";
				TEST_TARGET_NAME = FirebaseSwiftUIChat;
			};
			name = Debug;
		};
		C41CADB12D497DC10041E648 /* Release */ = {
			isa = XCBuildConfiguration;
			buildSettings = {
				CODE_SIGN_STYLE = Automatic;
				CURRENT_PROJECT_VERSION = 1;
				GENERATE_INFOPLIST_FILE = YES;
				MARKETING_VERSION = 1.0;
				PRODUCT_BUNDLE_IDENTIFIER = LF.FirebaseSwiftUIChatUITests;
				PRODUCT_NAME = "$(TARGET_NAME)";
				SWIFT_EMIT_LOC_STRINGS = NO;
				SWIFT_VERSION = 5.0;
				TARGETED_DEVICE_FAMILY = "1,2";
				TEST_TARGET_NAME = FirebaseSwiftUIChat;
			};
			name = Release;
		};
/* End XCBuildConfiguration section */

/* Begin XCConfigurationList section */
		C41CAD802D497DC00041E648 /* Build configuration list for PBXProject "FirebaseSwiftUIChat" */ = {
			isa = XCConfigurationList;
			buildConfigurations = (
				C41CADA72D497DC10041E648 /* Debug */,
				C41CADA82D497DC10041E648 /* Release */,
			);
			defaultConfigurationIsVisible = 0;
			defaultConfigurationName = Release;
		};
		C41CADA92D497DC10041E648 /* Build configuration list for PBXNativeTarget "FirebaseSwiftUIChat" */ = {
			isa = XCConfigurationList;
			buildConfigurations = (
				C41CADAA2D497DC10041E648 /* Debug */,
				C41CADAB2D497DC10041E648 /* Release */,
			);
			defaultConfigurationIsVisible = 0;
			defaultConfigurationName = Release;
		};
		C41CADAC2D497DC10041E648 /* Build configuration list for PBXNativeTarget "FirebaseSwiftUIChatTests" */ = {
			isa = XCConfigurationList;
			buildConfigurations = (
				C41CADAD2D497DC10041E648 /* Debug */,
				C41CADAE2D497DC10041E648 /* Release */,
			);
			defaultConfigurationIsVisible = 0;
			defaultConfigurationName = Release;
		};
		C41CADAF2D497DC10041E648 /* Build configuration list for PBXNativeTarget "FirebaseSwiftUIChatUITests" */ = {
			isa = XCConfigurationList;
			buildConfigurations = (
				C41CADB02D497DC10041E648 /* Debug */,
				C41CADB12D497DC10041E648 /* Release */,
			);
			defaultConfigurationIsVisible = 0;
			defaultConfigurationName = Release;
		};
/* End XCConfigurationList section */

/* Begin XCRemoteSwiftPackageReference section */
		C42108D22D49A1870017DC5C /* XCRemoteSwiftPackageReference "firebase-ios-sdk" */ = {
			isa = XCRemoteSwiftPackageReference;
			repositoryURL = "https://github.com/firebase/firebase-ios-sdk.git";
			requirement = {
				kind = upToNextMajorVersion;
				minimumVersion = 11.7.0;
			};
		};
/* End XCRemoteSwiftPackageReference section */

/* Begin XCSwiftPackageProductDependency section */
		C42108D32D49A1870017DC5C /* FirebaseAuth */ = {
			isa = XCSwiftPackageProductDependency;
			package = C42108D22D49A1870017DC5C /* XCRemoteSwiftPackageReference "firebase-ios-sdk" */;
			productName = FirebaseAuth;
		};
		C42108D52D49A1870017DC5C /* FirebaseStorage */ = {
			isa = XCSwiftPackageProductDependency;
			package = C42108D22D49A1870017DC5C /* XCRemoteSwiftPackageReference "firebase-ios-sdk" */;
			productName = FirebaseStorage;
		};
/* End XCSwiftPackageProductDependency section */
	};
	rootObject = C41CAD7D2D497DC00041E648 /* Project object */;
}
