// !$*UTF8*$!
{
	archiveVersion = 1;
	classes = {
	};
	objectVersion = 77;
	objects = {

/* Begin PBXContainerItemProxy section */
		C4BD55522D49C2DB00AA9321 /* PBXContainerItemProxy */ = {
			isa = PBXContainerItemProxy;
			containerPortal = C4BD55392D49C2D900AA9321 /* Project object */;
			proxyType = 1;
			remoteGlobalIDString = C4BD55402D49C2D900AA9321;
			remoteInfo = FirebaseSwiftChat;
		};
		C4BD555C2D49C2DB00AA9321 /* PBXContainerItemProxy */ = {
			isa = PBXContainerItemProxy;
			containerPortal = C4BD55392D49C2D900AA9321 /* Project object */;
			proxyType = 1;
			remoteGlobalIDString = C4BD55402D49C2D900AA9321;
			remoteInfo = FirebaseSwiftChat;
		};
/* End PBXContainerItemProxy section */

/* Begin PBXFileReference section */
		C4BD55412D49C2D900AA9321 /* FirebaseSwiftChat.app */ = {isa = PBXFileReference; explicitFileType = wrapper.application; includeInIndex = 0; path = FirebaseSwiftChat.app; sourceTree = BUILT_PRODUCTS_DIR; };
		C4BD55512D49C2DB00AA9321 /* FirebaseSwiftChatTests.xctest */ = {isa = PBXFileReference; explicitFileType = wrapper.cfbundle; includeInIndex = 0; path = FirebaseSwiftChatTests.xctest; sourceTree = BUILT_PRODUCTS_DIR; };
		C4BD555B2D49C2DB00AA9321 /* FirebaseSwiftChatUITests.xctest */ = {isa = PBXFileReference; explicitFileType = wrapper.cfbundle; includeInIndex = 0; path = FirebaseSwiftChatUITests.xctest; sourceTree = BUILT_PRODUCTS_DIR; };
/* End PBXFileReference section */

/* Begin PBXFileSystemSynchronizedRootGroup section */
		C4BD55432D49C2D900AA9321 /* FirebaseSwiftChat */ = {
			isa = PBXFileSystemSynchronizedRootGroup;
			path = FirebaseSwiftChat;
			sourceTree = "<group>";
		};
		C4BD55542D49C2DB00AA9321 /* FirebaseSwiftChatTests */ = {
			isa = PBXFileSystemSynchronizedRootGroup;
			path = FirebaseSwiftChatTests;
			sourceTree = "<group>";
		};
		C4BD555E2D49C2DB00AA9321 /* FirebaseSwiftChatUITests */ = {
			isa = PBXFileSystemSynchronizedRootGroup;
			path = FirebaseSwiftChatUITests;
			sourceTree = "<group>";
		};
/* End PBXFileSystemSynchronizedRootGroup section */

/* Begin PBXFrameworksBuildPhase section */
		C4BD553E2D49C2D900AA9321 /* Frameworks */ = {
			isa = PBXFrameworksBuildPhase;
			buildActionMask = 2147483647;
			files = (
			);
			runOnlyForDeploymentPostprocessing = 0;
		};
		C4BD554E2D49C2DB00AA9321 /* Frameworks */ = {
			isa = PBXFrameworksBuildPhase;
			buildActionMask = 2147483647;
			files = (
			);
			runOnlyForDeploymentPostprocessing = 0;
		};
		C4BD55582D49C2DB00AA9321 /* Frameworks */ = {
			isa = PBXFrameworksBuildPhase;
			buildActionMask = 2147483647;
			files = (
			);
			runOnlyForDeploymentPostprocessing = 0;
		};
/* End PBXFrameworksBuildPhase section */

/* Begin PBXGroup section */
		C4BD55382D49C2D900AA9321 = {
			isa = PBXGroup;
			children = (
				C4BD55432D49C2D900AA9321 /* FirebaseSwiftChat */,
				C4BD55542D49C2DB00AA9321 /* FirebaseSwiftChatTests */,
				C4BD555E2D49C2DB00AA9321 /* FirebaseSwiftChatUITests */,
				C4BD55422D49C2D900AA9321 /* Products */,
			);
			sourceTree = "<group>";
		};
		C4BD55422D49C2D900AA9321 /* Products */ = {
			isa = PBXGroup;
			children = (
				C4BD55412D49C2D900AA9321 /* FirebaseSwiftChat.app */,
				C4BD55512D49C2DB00AA9321 /* FirebaseSwiftChatTests.xctest */,
				C4BD555B2D49C2DB00AA9321 /* FirebaseSwiftChatUITests.xctest */,
			);
			name = Products;
			sourceTree = "<group>";
		};
/* End PBXGroup section */

/* Begin PBXNativeTarget section */
		C4BD55402D49C2D900AA9321 /* FirebaseSwiftChat */ = {
			isa = PBXNativeTarget;
			buildConfigurationList = C4BD55652D49C2DB00AA9321 /* Build configuration list for PBXNativeTarget "FirebaseSwiftChat" */;
			buildPhases = (
				C4BD553D2D49C2D900AA9321 /* Sources */,
				C4BD553E2D49C2D900AA9321 /* Frameworks */,
				C4BD553F2D49C2D900AA9321 /* Resources */,
			);
			buildRules = (
			);
			dependencies = (
			);
			fileSystemSynchronizedGroups = (
				C4BD55432D49C2D900AA9321 /* FirebaseSwiftChat */,
			);
			name = FirebaseSwiftChat;
			packageProductDependencies = (
			);
			productName = FirebaseSwiftChat;
			productReference = C4BD55412D49C2D900AA9321 /* FirebaseSwiftChat.app */;
			productType = "com.apple.product-type.application";
		};
		C4BD55502D49C2DB00AA9321 /* FirebaseSwiftChatTests */ = {
			isa = PBXNativeTarget;
			buildConfigurationList = C4BD55682D49C2DB00AA9321 /* Build configuration list for PBXNativeTarget "FirebaseSwiftChatTests" */;
			buildPhases = (
				C4BD554D2D49C2DB00AA9321 /* Sources */,
				C4BD554E2D49C2DB00AA9321 /* Frameworks */,
				C4BD554F2D49C2DB00AA9321 /* Resources */,
			);
			buildRules = (
			);
			dependencies = (
				C4BD55532D49C2DB00AA9321 /* PBXTargetDependency */,
			);
			fileSystemSynchronizedGroups = (
				C4BD55542D49C2DB00AA9321 /* FirebaseSwiftChatTests */,
			);
			name = FirebaseSwiftChatTests;
			packageProductDependencies = (
			);
			productName = FirebaseSwiftChatTests;
			productReference = C4BD55512D49C2DB00AA9321 /* FirebaseSwiftChatTests.xctest */;
			productType = "com.apple.product-type.bundle.unit-test";
		};
		C4BD555A2D49C2DB00AA9321 /* FirebaseSwiftChatUITests */ = {
			isa = PBXNativeTarget;
			buildConfigurationList = C4BD556B2D49C2DB00AA9321 /* Build configuration list for PBXNativeTarget "FirebaseSwiftChatUITests" */;
			buildPhases = (
				C4BD55572D49C2DB00AA9321 /* Sources */,
				C4BD55582D49C2DB00AA9321 /* Frameworks */,
				C4BD55592D49C2DB00AA9321 /* Resources */,
			);
			buildRules = (
			);
			dependencies = (
				C4BD555D2D49C2DB00AA9321 /* PBXTargetDependency */,
			);
			fileSystemSynchronizedGroups = (
				C4BD555E2D49C2DB00AA9321 /* FirebaseSwiftChatUITests */,
			);
			name = FirebaseSwiftChatUITests;
			packageProductDependencies = (
			);
			productName = FirebaseSwiftChatUITests;
			productReference = C4BD555B2D49C2DB00AA9321 /* FirebaseSwiftChatUITests.xctest */;
			productType = "com.apple.product-type.bundle.ui-testing";
		};
/* End PBXNativeTarget section */

/* Begin PBXProject section */
		C4BD55392D49C2D900AA9321 /* Project object */ = {
			isa = PBXProject;
			attributes = {
				BuildIndependentTargetsInParallel = 1;
				LastSwiftUpdateCheck = 1620;
				LastUpgradeCheck = 1620;
				TargetAttributes = {
					C4BD55402D49C2D900AA9321 = {
						CreatedOnToolsVersion = 16.2;
					};
					C4BD55502D49C2DB00AA9321 = {
						CreatedOnToolsVersion = 16.2;
						TestTargetID = C4BD55402D49C2D900AA9321;
					};
					C4BD555A2D49C2DB00AA9321 = {
						CreatedOnToolsVersion = 16.2;
						TestTargetID = C4BD55402D49C2D900AA9321;
					};
				};
			};
			buildConfigurationList = C4BD553C2D49C2D900AA9321 /* Build configuration list for PBXProject "FirebaseSwiftChat" */;
			developmentRegion = en;
			hasScannedForEncodings = 0;
			knownRegions = (
				en,
				Base,
			);
			mainGroup = C4BD55382D49C2D900AA9321;
			minimizedProjectReferenceProxies = 1;
			preferredProjectObjectVersion = 77;
			productRefGroup = C4BD55422D49C2D900AA9321 /* Products */;
			projectDirPath = "";
			projectRoot = "";
			targets = (
				C4BD55402D49C2D900AA9321 /* FirebaseSwiftChat */,
				C4BD55502D49C2DB00AA9321 /* FirebaseSwiftChatTests */,
				C4BD555A2D49C2DB00AA9321 /* FirebaseSwiftChatUITests */,
			);
		};
/* End PBXProject section */

/* Begin PBXResourcesBuildPhase section */
		C4BD553F2D49C2D900AA9321 /* Resources */ = {
			isa = PBXResourcesBuildPhase;
			buildActionMask = 2147483647;
			files = (
			);
			runOnlyForDeploymentPostprocessing = 0;
		};
		C4BD554F2D49C2DB00AA9321 /* Resources */ = {
			isa = PBXResourcesBuildPhase;
			buildActionMask = 2147483647;
			files = (
			);
			runOnlyForDeploymentPostprocessing = 0;
		};
		C4BD55592D49C2DB00AA9321 /* Resources */ = {
			isa = PBXResourcesBuildPhase;
			buildActionMask = 2147483647;
			files = (
			);
			runOnlyForDeploymentPostprocessing = 0;
		};
/* End PBXResourcesBuildPhase section */

/* Begin PBXSourcesBuildPhase section */
		C4BD553D2D49C2D900AA9321 /* Sources */ = {
			isa = PBXSourcesBuildPhase;
			buildActionMask = 2147483647;
			files = (
			);
			runOnlyForDeploymentPostprocessing = 0;
		};
		C4BD554D2D49C2DB00AA9321 /* Sources */ = {
			isa = PBXSourcesBuildPhase;
			buildActionMask = 2147483647;
			files = (
			);
			runOnlyForDeploymentPostprocessing = 0;
		};
		C4BD55572D49C2DB00AA9321 /* Sources */ = {
			isa = PBXSourcesBuildPhase;
			buildActionMask = 2147483647;
			files = (
			);
			runOnlyForDeploymentPostprocessing = 0;
		};
/* End PBXSourcesBuildPhase section */

/* Begin PBXTargetDependency section */
		C4BD55532D49C2DB00AA9321 /* PBXTargetDependency */ = {
			isa = PBXTargetDependency;
			target = C4BD55402D49C2D900AA9321 /* FirebaseSwiftChat */;
			targetProxy = C4BD55522D49C2DB00AA9321 /* PBXContainerItemProxy */;
		};
		C4BD555D2D49C2DB00AA9321 /* PBXTargetDependency */ = {
			isa = PBXTargetDependency;
			target = C4BD55402D49C2D900AA9321 /* FirebaseSwiftChat */;
			targetProxy = C4BD555C2D49C2DB00AA9321 /* PBXContainerItemProxy */;
		};
/* End PBXTargetDependency section */

/* Begin XCBuildConfiguration section */
		C4BD55632D49C2DB00AA9321 /* Debug */ = {
			isa = XCBuildConfiguration;
			buildSettings = {
				ALWAYS_SEARCH_USER_PATHS = NO;
				ASSETCATALOG_COMPILER_GENERATE_SWIFT_ASSET_SYMBOL_EXTENSIONS = YES;
				CLANG_ANALYZER_NONNULL = YES;
				CLANG_ANALYZER_NUMBER_OBJECT_CONVERSION = YES_AGGRESSIVE;
				CLANG_CXX_LANGUAGE_STANDARD = "gnu++20";
				CLANG_ENABLE_MODULES = YES;
				CLANG_ENABLE_OBJC_ARC = YES;
				CLANG_ENABLE_OBJC_WEAK = YES;
				CLANG_WARN_BLOCK_CAPTURE_AUTORELEASING = YES;
				CLANG_WARN_BOOL_CONVERSION = YES;
				CLANG_WARN_COMMA = YES;
				CLANG_WARN_CONSTANT_CONVERSION = YES;
				CLANG_WARN_DEPRECATED_OBJC_IMPLEMENTATIONS = YES;
				CLANG_WARN_DIRECT_OBJC_ISA_USAGE = YES_ERROR;
				CLANG_WARN_DOCUMENTATION_COMMENTS = YES;
				CLANG_WARN_EMPTY_BODY = YES;
				CLANG_WARN_ENUM_CONVERSION = YES;
				CLANG_WARN_INFINITE_RECURSION = YES;
				CLANG_WARN_INT_CONVERSION = YES;
				CLANG_WARN_NON_LITERAL_NULL_CONVERSION = YES;
				CLANG_WARN_OBJC_IMPLICIT_RETAIN_SELF = YES;
				CLANG_WARN_OBJC_LITERAL_CONVERSION = YES;
				CLANG_WARN_OBJC_ROOT_CLASS = YES_ERROR;
				CLANG_WARN_QUOTED_INCLUDE_IN_FRAMEWORK_HEADER = YES;
				CLANG_WARN_RANGE_LOOP_ANALYSIS = YES;
				CLANG_WARN_STRICT_PROTOTYPES = YES;
				CLANG_WARN_SUSPICIOUS_MOVE = YES;
				CLANG_WARN_UNGUARDED_AVAILABILITY = YES_AGGRESSIVE;
				CLANG_WARN_UNREACHABLE_CODE = YES;
				CLANG_WARN__DUPLICATE_METHOD_MATCH = YES;
				COPY_PHASE_STRIP = NO;
				DEBUG_INFORMATION_FORMAT = dwarf;
				ENABLE_STRICT_OBJC_MSGSEND = YES;
				ENABLE_TESTABILITY = YES;
				ENABLE_USER_SCRIPT_SANDBOXING = YES;
				GCC_C_LANGUAGE_STANDARD = gnu17;
				GCC_DYNAMIC_NO_PIC = NO;
				GCC_NO_COMMON_BLOCKS = YES;
				GCC_OPTIMIZATION_LEVEL = 0;
				GCC_PREPROCESSOR_DEFINITIONS = (
					"DEBUG=1",
					"$(inherited)",
				);
				GCC_WARN_64_TO_32_BIT_CONVERSION = YES;
				GCC_WARN_ABOUT_RETURN_TYPE = YES_ERROR;
				GCC_WARN_UNDECLARED_SELECTOR = YES;
				GCC_WARN_UNINITIALIZED_AUTOS = YES_AGGRESSIVE;
				GCC_WARN_UNUSED_FUNCTION = YES;
				GCC_WARN_UNUSED_VARIABLE = YES;
				IPHONEOS_DEPLOYMENT_TARGET = 18.2;
				LOCALIZATION_PREFERS_STRING_CATALOGS = YES;
				MTL_ENABLE_DEBUG_INFO = INCLUDE_SOURCE;
				MTL_FAST_MATH = YES;
				ONLY_ACTIVE_ARCH = YES;
				SDKROOT = iphoneos;
				SWIFT_ACTIVE_COMPILATION_CONDITIONS = "DEBUG $(inherited)";
				SWIFT_OPTIMIZATION_LEVEL = "-Onone";
			};
			name = Debug;
		};
		C4BD55642D49C2DB00AA9321 /* Release */ = {
			isa = XCBuildConfiguration;
			buildSettings = {
				ALWAYS_SEARCH_USER_PATHS = NO;
				ASSETCATALOG_COMPILER_GENERATE_SWIFT_ASSET_SYMBOL_EXTENSIONS = YES;
				CLANG_ANALYZER_NONNULL = YES;
				CLANG_ANALYZER_NUMBER_OBJECT_CONVERSION = YES_AGGRESSIVE;
				CLANG_CXX_LANGUAGE_STANDARD = "gnu++20";
				CLANG_ENABLE_MODULES = YES;
				CLANG_ENABLE_OBJC_ARC = YES;
				CLANG_ENABLE_OBJC_WEAK = YES;
				CLANG_WARN_BLOCK_CAPTURE_AUTORELEASING = YES;
				CLANG_WARN_BOOL_CONVERSION = YES;
				CLANG_WARN_COMMA = YES;
				CLANG_WARN_CONSTANT_CONVERSION = YES;
				CLANG_WARN_DEPRECATED_OBJC_IMPLEMENTATIONS = YES;
				CLANG_WARN_DIRECT_OBJC_ISA_USAGE = YES_ERROR;
				CLANG_WARN_DOCUMENTATION_COMMENTS = YES;
				CLANG_WARN_EMPTY_BODY = YES;
				CLANG_WARN_ENUM_CONVERSION = YES;
				CLANG_WARN_INFINITE_RECURSION = YES;
				CLANG_WARN_INT_CONVERSION = YES;
				CLANG_WARN_NON_LITERAL_NULL_CONVERSION = YES;
				CLANG_WARN_OBJC_IMPLICIT_RETAIN_SELF = YES;
				CLANG_WARN_OBJC_LITERAL_CONVERSION = YES;
				CLANG_WARN_OBJC_ROOT_CLASS = YES_ERROR;
				CLANG_WARN_QUOTED_INCLUDE_IN_FRAMEWORK_HEADER = YES;
				CLANG_WARN_RANGE_LOOP_ANALYSIS = YES;
				CLANG_WARN_STRICT_PROTOTYPES = YES;
				CLANG_WARN_SUSPICIOUS_MOVE = YES;
				CLANG_WARN_UNGUARDED_AVAILABILITY = YES_AGGRESSIVE;
				CLANG_WARN_UNREACHABLE_CODE = YES;
				CLANG_WARN__DUPLICATE_METHOD_MATCH = YES;
				COPY_PHASE_STRIP = NO;
				DEBUG_INFORMATION_FORMAT = "dwarf-with-dsym";
				ENABLE_NS_ASSERTIONS = NO;
				ENABLE_STRICT_OBJC_MSGSEND = YES;
				ENABLE_USER_SCRIPT_SANDBOXING = YES;
				GCC_C_LANGUAGE_STANDARD = gnu17;
				GCC_NO_COMMON_BLOCKS = YES;
				GCC_WARN_64_TO_32_BIT_CONVERSION = YES;
				GCC_WARN_ABOUT_RETURN_TYPE = YES_ERROR;
				GCC_WARN_UNDECLARED_SELECTOR = YES;
				GCC_WARN_UNINITIALIZED_AUTOS = YES_AGGRESSIVE;
				GCC_WARN_UNUSED_FUNCTION = YES;
				GCC_WARN_UNUSED_VARIABLE = YES;
				IPHONEOS_DEPLOYMENT_TARGET = 18.2;
				LOCALIZATION_PREFERS_STRING_CATALOGS = YES;
				MTL_ENABLE_DEBUG_INFO = NO;
				MTL_FAST_MATH = YES;
				SDKROOT = iphoneos;
				SWIFT_COMPILATION_MODE = wholemodule;
				VALIDATE_PRODUCT = YES;
			};
			name = Release;
		};
		C4BD55662D49C2DB00AA9321 /* Debug */ = {
			isa = XCBuildConfiguration;
			buildSettings = {
				ASSETCATALOG_COMPILER_APPICON_NAME = AppIcon;
				ASSETCATALOG_COMPILER_GLOBAL_ACCENT_COLOR_NAME = AccentColor;
				CODE_SIGN_STYLE = Automatic;
				CURRENT_PROJECT_VERSION = 1;
				DEVELOPMENT_ASSET_PATHS = "\"FirebaseSwiftChat/Preview Content\"";
				ENABLE_PREVIEWS = YES;
				GENERATE_INFOPLIST_FILE = YES;
				INFOPLIST_KEY_UIApplicationSceneManifest_Generation = YES;
				INFOPLIST_KEY_UIApplicationSupportsIndirectInputEvents = YES;
				INFOPLIST_KEY_UILaunchScreen_Generation = YES;
				INFOPLIST_KEY_UISupportedInterfaceOrientations_iPad = "UIInterfaceOrientationPortrait UIInterfaceOrientationPortraitUpsideDown UIInterfaceOrientationLandscapeLeft UIInterfaceOrientationLandscapeRight";
				INFOPLIST_KEY_UISupportedInterfaceOrientations_iPhone = "UIInterfaceOrientationPortrait UIInterfaceOrientationLandscapeLeft UIInterfaceOrientationLandscapeRight";
				LD_RUNPATH_SEARCH_PATHS = (
					"$(inherited)",
					"@executable_path/Frameworks",
				);
				MARKETING_VERSION = 1.0;
				PRODUCT_BUNDLE_IDENTIFIER = LF.FirebaseSwiftChat;
				PRODUCT_NAME = "$(TARGET_NAME)";
				SWIFT_EMIT_LOC_STRINGS = YES;
				SWIFT_VERSION = 5.0;
				TARGETED_DEVICE_FAMILY = "1,2";
			};
			name = Debug;
		};
		C4BD55672D49C2DB00AA9321 /* Release */ = {
			isa = XCBuildConfiguration;
			buildSettings = {
				ASSETCATALOG_COMPILER_APPICON_NAME = AppIcon;
				ASSETCATALOG_COMPILER_GLOBAL_ACCENT_COLOR_NAME = AccentColor;
				CODE_SIGN_STYLE = Automatic;
				CURRENT_PROJECT_VERSION = 1;
				DEVELOPMENT_ASSET_PATHS = "\"FirebaseSwiftChat/Preview Content\"";
				ENABLE_PREVIEWS = YES;
				GENERATE_INFOPLIST_FILE = YES;
				INFOPLIST_KEY_UIApplicationSceneManifest_Generation = YES;
				INFOPLIST_KEY_UIApplicationSupportsIndirectInputEvents = YES;
				INFOPLIST_KEY_UILaunchScreen_Generation = YES;
				INFOPLIST_KEY_UISupportedInterfaceOrientations_iPad = "UIInterfaceOrientationPortrait UIInterfaceOrientationPortraitUpsideDown UIInterfaceOrientationLandscapeLeft UIInterfaceOrientationLandscapeRight";
				INFOPLIST_KEY_UISupportedInterfaceOrientations_iPhone = "UIInterfaceOrientationPortrait UIInterfaceOrientationLandscapeLeft UIInterfaceOrientationLandscapeRight";
				LD_RUNPATH_SEARCH_PATHS = (
					"$(inherited)",
					"@executable_path/Frameworks",
				);
				MARKETING_VERSION = 1.0;
				PRODUCT_BUNDLE_IDENTIFIER = LF.FirebaseSwiftChat;
				PRODUCT_NAME = "$(TARGET_NAME)";
				SWIFT_EMIT_LOC_STRINGS = YES;
				SWIFT_VERSION = 5.0;
				TARGETED_DEVICE_FAMILY = "1,2";
			};
			name = Release;
		};
		C4BD55692D49C2DB00AA9321 /* Debug */ = {
			isa = XCBuildConfiguration;
			buildSettings = {
				BUNDLE_LOADER = "$(TEST_HOST)";
				CODE_SIGN_STYLE = Automatic;
				CURRENT_PROJECT_VERSION = 1;
				GENERATE_INFOPLIST_FILE = YES;
				IPHONEOS_DEPLOYMENT_TARGET = 18.2;
				MARKETING_VERSION = 1.0;
				PRODUCT_BUNDLE_IDENTIFIER = LF.FirebaseSwiftChatTests;
				PRODUCT_NAME = "$(TARGET_NAME)";
				SWIFT_EMIT_LOC_STRINGS = NO;
				SWIFT_VERSION = 5.0;
				TARGETED_DEVICE_FAMILY = "1,2";
				TEST_HOST = "$(BUILT_PRODUCTS_DIR)/FirebaseSwiftChat.app/$(BUNDLE_EXECUTABLE_FOLDER_PATH)/FirebaseSwiftChat";
			};
			name = Debug;
		};
		C4BD556A2D49C2DB00AA9321 /* Release */ = {
			isa = XCBuildConfiguration;
			buildSettings = {
				BUNDLE_LOADER = "$(TEST_HOST)";
				CODE_SIGN_STYLE = Automatic;
				CURRENT_PROJECT_VERSION = 1;
				GENERATE_INFOPLIST_FILE = YES;
				IPHONEOS_DEPLOYMENT_TARGET = 18.2;
				MARKETING_VERSION = 1.0;
				PRODUCT_BUNDLE_IDENTIFIER = LF.FirebaseSwiftChatTests;
				PRODUCT_NAME = "$(TARGET_NAME)";
				SWIFT_EMIT_LOC_STRINGS = NO;
				SWIFT_VERSION = 5.0;
				TARGETED_DEVICE_FAMILY = "1,2";
				TEST_HOST = "$(BUILT_PRODUCTS_DIR)/FirebaseSwiftChat.app/$(BUNDLE_EXECUTABLE_FOLDER_PATH)/FirebaseSwiftChat";
			};
			name = Release;
		};
		C4BD556C2D49C2DB00AA9321 /* Debug */ = {
			isa = XCBuildConfiguration;
			buildSettings = {
				CODE_SIGN_STYLE = Automatic;
				CURRENT_PROJECT_VERSION = 1;
				GENERATE_INFOPLIST_FILE = YES;
				MARKETING_VERSION = 1.0;
				PRODUCT_BUNDLE_IDENTIFIER = LF.FirebaseSwiftChatUITests;
				PRODUCT_NAME = "$(TARGET_NAME)";
				SWIFT_EMIT_LOC_STRINGS = NO;
				SWIFT_VERSION = 5.0;
				TARGETED_DEVICE_FAMILY = "1,2";
				TEST_TARGET_NAME = FirebaseSwiftChat;
			};
			name = Debug;
		};
		C4BD556D2D49C2DB00AA9321 /* Release */ = {
			isa = XCBuildConfiguration;
			buildSettings = {
				CODE_SIGN_STYLE = Automatic;
				CURRENT_PROJECT_VERSION = 1;
				GENERATE_INFOPLIST_FILE = YES;
				MARKETING_VERSION = 1.0;
				PRODUCT_BUNDLE_IDENTIFIER = LF.FirebaseSwiftChatUITests;
				PRODUCT_NAME = "$(TARGET_NAME)";
				SWIFT_EMIT_LOC_STRINGS = NO;
				SWIFT_VERSION = 5.0;
				TARGETED_DEVICE_FAMILY = "1,2";
				TEST_TARGET_NAME = FirebaseSwiftChat;
			};
			name = Release;
		};
/* End XCBuildConfiguration section */

/* Begin XCConfigurationList section */
		C4BD553C2D49C2D900AA9321 /* Build configuration list for PBXProject "FirebaseSwiftChat" */ = {
			isa = XCConfigurationList;
			buildConfigurations = (
				C4BD55632D49C2DB00AA9321 /* Debug */,
				C4BD55642D49C2DB00AA9321 /* Release */,
			);
			defaultConfigurationIsVisible = 0;
			defaultConfigurationName = Release;
		};
		C4BD55652D49C2DB00AA9321 /* Build configuration list for PBXNativeTarget "FirebaseSwiftChat" */ = {
			isa = XCConfigurationList;
			buildConfigurations = (
				C4BD55662D49C2DB00AA9321 /* Debug */,
				C4BD55672D49C2DB00AA9321 /* Release */,
			);
			defaultConfigurationIsVisible = 0;
			defaultConfigurationName = Release;
		};
		C4BD55682D49C2DB00AA9321 /* Build configuration list for PBXNativeTarget "FirebaseSwiftChatTests" */ = {
			isa = XCConfigurationList;
			buildConfigurations = (
				C4BD55692D49C2DB00AA9321 /* Debug */,
				C4BD556A2D49C2DB00AA9321 /* Release */,
			);
			defaultConfigurationIsVisible = 0;
			defaultConfigurationName = Release;
		};
		C4BD556B2D49C2DB00AA9321 /* Build configuration list for PBXNativeTarget "FirebaseSwiftChatUITests" */ = {
			isa = XCConfigurationList;
			buildConfigurations = (
				C4BD556C2D49C2DB00AA9321 /* Debug */,
				C4BD556D2D49C2DB00AA9321 /* Release */,
			);
			defaultConfigurationIsVisible = 0;
			defaultConfigurationName = Release;
		};
/* End XCConfigurationList section */
	};
	rootObject = C4BD55392D49C2D900AA9321 /* Project object */;
}
